
Microsoft Visual Studio Solution File, Format Version 12.00
# Visual Studio Version 16
VisualStudioVersion = 16.0.30523.141
MinimumVisualStudioVersion = 10.0.40219.1
Project("{9A19103F-16F7-4668-BE54-9A1E7A4F7556}") = "CarEngine", "Test1\CarEngine.csproj", "{EF96F71E-8504-49C3-BFA8-9FF15B997B65}"
EndProject
Project("{9A19103F-16F7-4668-BE54-9A1E7A4F7556}") = "Backend", "Backend\Backend.csproj", "{55465E5F-0C70-4A6F-BF68-B7A7391808BF}"
EndProject
Project("{9A19103F-16F7-4668-BE54-9A1E7A4F7556}") = "Server", "Server\Server.csproj", "{96EFA4CF-12B1-49BE-8130-7A20C40431FF}"
EndProject
Global
	GlobalSection(SolutionConfigurationPlatforms) = preSolution
		Debug|Any CPU = Debug|Any CPU
		Release|Any CPU = Release|Any CPU
	EndGlobalSection
	GlobalSection(ProjectConfigurationPlatforms) = postSolution
		{EF96F71E-8504-49C3-BFA8-9FF15B997B65}.Debug|Any CPU.ActiveCfg = Debug|Any CPU
		{EF96F71E-8504-49C3-BFA8-9FF15B997B65}.Debug|Any CPU.Build.0 = Debug|Any CPU
		{EF96F71E-8504-49C3-BFA8-9FF15B997B65}.Release|Any CPU.ActiveCfg = Release|Any CPU
		{EF96F71E-8504-49C3-BFA8-9FF15B997B65}.Release|Any CPU.Build.0 = Release|Any CPU
		{55465E5F-0C70-4A6F-BF68-B7A7391808BF}.Debug|Any CPU.ActiveCfg = Debug|Any CPU
		{55465E5F-0C70-4A6F-BF68-B7A7391808BF}.Debug|Any CPU.Build.0 = Debug|Any CPU
		{55465E5F-0C70-4A6F-BF68-B7A7391808BF}.Release|Any CPU.ActiveCfg = Release|Any CPU
		{55465E5F-0C70-4A6F-BF68-B7A7391808BF}.Release|Any CPU.Build.0 = Release|Any CPU
		{96EFA4CF-12B1-49BE-8130-7A20C40431FF}.Debug|Any CPU.ActiveCfg = Debug|Any CPU
		{96EFA4CF-12B1-49BE-8130-7A20C40431FF}.Debug|Any CPU.Build.0 = Debug|Any CPU
		{96EFA4CF-12B1-49BE-8130-7A20C40431FF}.Release|Any CPU.ActiveCfg = Release|Any CPU
		{96EFA4CF-12B1-49BE-8130-7A20C40431FF}.Release|Any CPU.Build.0 = Release|Any CPU
	EndGlobalSection
	GlobalSection(SolutionProperties) = preSolution
		HideSolutionNode = FALSE
	EndGlobalSection
	GlobalSection(ExtensibilityGlobals) = postSolution
		SolutionGuid = {4C8917FB-A514-4793-AE11-25B57740D52E}
	EndGlobalSection
EndGlobal
